// !$*UTF8*$!
{
	archiveVersion = 1;
	classes = {
	};
	objectVersion = 55;
	objects = {

/* Begin PBXBuildFile section */
		A6A2778C27B681520048D243 /* imdb_top_10App.swift in Sources */ = {isa = PBXBuildFile; fileRef = A6A2778B27B681520048D243 /* imdb_top_10App.swift */; };
		A6A2778E27B681520048D243 /* ContentView.swift in Sources */ = {isa = PBXBuildFile; fileRef = A6A2778D27B681520048D243 /* ContentView.swift */; };
		A6A2779027B681530048D243 /* Assets.xcassets in Resources */ = {isa = PBXBuildFile; fileRef = A6A2778F27B681530048D243 /* Assets.xcassets */; };
		A6A2779327B681530048D243 /* Preview Assets.xcassets in Resources */ = {isa = PBXBuildFile; fileRef = A6A2779227B681530048D243 /* Preview Assets.xcassets */; };
		A6A2779D27B681530048D243 /* imdb_top_10Tests.swift in Sources */ = {isa = PBXBuildFile; fileRef = A6A2779C27B681530048D243 /* imdb_top_10Tests.swift */; };
		A6A277A727B681530048D243 /* imdb_top_10UITests.swift in Sources */ = {isa = PBXBuildFile; fileRef = A6A277A627B681530048D243 /* imdb_top_10UITests.swift */; };
		A6A277A927B681530048D243 /* imdb_top_10UITestsLaunchTests.swift in Sources */ = {isa = PBXBuildFile; fileRef = A6A277A827B681530048D243 /* imdb_top_10UITestsLaunchTests.swift */; };
		A6A277B827B683CB0048D243 /* baner.swift in Sources */ = {isa = PBXBuildFile; fileRef = A6A277B727B683CB0048D243 /* baner.swift */; };
		A6A277BE27B689D30048D243 /* Imdb.swift in Sources */ = {isa = PBXBuildFile; fileRef = A6A277BD27B689D30048D243 /* Imdb.swift */; };
		A6A277C027B68BED0048D243 /* ModelData.swift in Sources */ = {isa = PBXBuildFile; fileRef = A6A277BF27B68BED0048D243 /* ModelData.swift */; };
		A6A277C527B68D040048D243 /* ImdbRow.swift in Sources */ = {isa = PBXBuildFile; fileRef = A6A277C427B68D040048D243 /* ImdbRow.swift */; };
		A6C7B6FF27B71B78004BA055 /* ImdbList.swift in Sources */ = {isa = PBXBuildFile; fileRef = A6C7B6FE27B71B78004BA055 /* ImdbList.swift */; };
		A6C7B70127B71D90004BA055 /* ImdbDetail.swift in Sources */ = {isa = PBXBuildFile; fileRef = A6C7B70027B71D90004BA055 /* ImdbDetail.swift */; };
		A6C7B70927B73EED004BA055 /* imdb_top_10.json in Resources */ = {isa = PBXBuildFile; fileRef = A6C7B70827B73EED004BA055 /* imdb_top_10.json */; };
		A6C7B70B27B770D0004BA055 /* FavoriteButton.swift in Sources */ = {isa = PBXBuildFile; fileRef = A6C7B70A27B770D0004BA055 /* FavoriteButton.swift */; };
		A6C7B70F27B77B6F004BA055 /* HexagonParameters.swift in Sources */ = {isa = PBXBuildFile; fileRef = A6C7B70E27B77B6F004BA055 /* HexagonParameters.swift */; };
		A6C7B71127B77BCB004BA055 /* BadgeBackground.swift in Sources */ = {isa = PBXBuildFile; fileRef = A6C7B71027B77BCB004BA055 /* BadgeBackground.swift */; };
		A6C7B71327B77C7C004BA055 /* BadgeSymbol.swift in Sources */ = {isa = PBXBuildFile; fileRef = A6C7B71227B77C7C004BA055 /* BadgeSymbol.swift */; };
		A6C7B71527B77CC3004BA055 /* RotatedBadgeSymbol.swift in Sources */ = {isa = PBXBuildFile; fileRef = A6C7B71427B77CC3004BA055 /* RotatedBadgeSymbol.swift */; };
		A6C7B71727B77D2D004BA055 /* Badge.swift in Sources */ = {isa = PBXBuildFile; fileRef = A6C7B71627B77D2D004BA055 /* Badge.swift */; };
		A6C7B71A27B791EE004BA055 /* The Shawshank Redemption.jpeg in Resources */ = {isa = PBXBuildFile; fileRef = A6C7B71927B791EE004BA055 /* The Shawshank Redemption.jpeg */; };
/* End PBXBuildFile section */

/* Begin PBXContainerItemProxy section */
		A6A2779927B681530048D243 /* PBXContainerItemProxy */ = {
			isa = PBXContainerItemProxy;
			containerPortal = A6A2778027B681520048D243 /* Project object */;
			proxyType = 1;
			remoteGlobalIDString = A6A2778727B681520048D243;
			remoteInfo = imdb_top_10;
		};
		A6A277A327B681530048D243 /* PBXContainerItemProxy */ = {
			isa = PBXContainerItemProxy;
			containerPortal = A6A2778027B681520048D243 /* Project object */;
			proxyType = 1;
			remoteGlobalIDString = A6A2778727B681520048D243;
			remoteInfo = imdb_top_10;
		};
/* End PBXContainerItemProxy section */

/* Begin PBXFileReference section */
		A6A2778827B681520048D243 /* imdb_top_10.app */ = {isa = PBXFileReference; explicitFileType = wrapper.application; includeInIndex = 0; path = imdb_top_10.app; sourceTree = BUILT_PRODUCTS_DIR; };
		A6A2778B27B681520048D243 /* imdb_top_10App.swift */ = {isa = PBXFileReference; lastKnownFileType = sourcecode.swift; path = imdb_top_10App.swift; sourceTree = "<group>"; };
		A6A2778D27B681520048D243 /* ContentView.swift */ = {isa = PBXFileReference; lastKnownFileType = sourcecode.swift; path = ContentView.swift; sourceTree = "<group>"; };
		A6A2778F27B681530048D243 /* Assets.xcassets */ = {isa = PBXFileReference; lastKnownFileType = folder.assetcatalog; path = Assets.xcassets; sourceTree = "<group>"; };
		A6A2779227B681530048D243 /* Preview Assets.xcassets */ = {isa = PBXFileReference; lastKnownFileType = folder.assetcatalog; path = "Preview Assets.xcassets"; sourceTree = "<group>"; };
		A6A2779827B681530048D243 /* imdb_top_10Tests.xctest */ = {isa = PBXFileReference; explicitFileType = wrapper.cfbundle; includeInIndex = 0; path = imdb_top_10Tests.xctest; sourceTree = BUILT_PRODUCTS_DIR; };
		A6A2779C27B681530048D243 /* imdb_top_10Tests.swift */ = {isa = PBXFileReference; lastKnownFileType = sourcecode.swift; path = imdb_top_10Tests.swift; sourceTree = "<group>"; };
		A6A277A227B681530048D243 /* imdb_top_10UITests.xctest */ = {isa = PBXFileReference; explicitFileType = wrapper.cfbundle; includeInIndex = 0; path = imdb_top_10UITests.xctest; sourceTree = BUILT_PRODUCTS_DIR; };
		A6A277A627B681530048D243 /* imdb_top_10UITests.swift */ = {isa = PBXFileReference; lastKnownFileType = sourcecode.swift; path = imdb_top_10UITests.swift; sourceTree = "<group>"; };
		A6A277A827B681530048D243 /* imdb_top_10UITestsLaunchTests.swift */ = {isa = PBXFileReference; lastKnownFileType = sourcecode.swift; path = imdb_top_10UITestsLaunchTests.swift; sourceTree = "<group>"; };
		A6A277B727B683CB0048D243 /* baner.swift */ = {isa = PBXFileReference; lastKnownFileType = sourcecode.swift; path = baner.swift; sourceTree = "<group>"; };
		A6A277BD27B689D30048D243 /* Imdb.swift */ = {isa = PBXFileReference; lastKnownFileType = sourcecode.swift; path = Imdb.swift; sourceTree = "<group>"; };
		A6A277BF27B68BED0048D243 /* ModelData.swift */ = {isa = PBXFileReference; lastKnownFileType = sourcecode.swift; path = ModelData.swift; sourceTree = "<group>"; };
		A6A277C427B68D040048D243 /* ImdbRow.swift */ = {isa = PBXFileReference; lastKnownFileType = sourcecode.swift; path = ImdbRow.swift; sourceTree = "<group>"; };
		A6C7B6FE27B71B78004BA055 /* ImdbList.swift */ = {isa = PBXFileReference; lastKnownFileType = sourcecode.swift; path = ImdbList.swift; sourceTree = "<group>"; };
		A6C7B70027B71D90004BA055 /* ImdbDetail.swift */ = {isa = PBXFileReference; lastKnownFileType = sourcecode.swift; path = ImdbDetail.swift; sourceTree = "<group>"; };
		A6C7B70827B73EED004BA055 /* imdb_top_10.json */ = {isa = PBXFileReference; fileEncoding = 4; lastKnownFileType = text.json; path = imdb_top_10.json; sourceTree = "<group>"; };
		A6C7B70A27B770D0004BA055 /* FavoriteButton.swift */ = {isa = PBXFileReference; lastKnownFileType = sourcecode.swift; path = FavoriteButton.swift; sourceTree = "<group>"; };
		A6C7B70E27B77B6F004BA055 /* HexagonParameters.swift */ = {isa = PBXFileReference; lastKnownFileType = sourcecode.swift; path = HexagonParameters.swift; sourceTree = "<group>"; };
		A6C7B71027B77BCB004BA055 /* BadgeBackground.swift */ = {isa = PBXFileReference; lastKnownFileType = sourcecode.swift; path = BadgeBackground.swift; sourceTree = "<group>"; };
		A6C7B71227B77C7C004BA055 /* BadgeSymbol.swift */ = {isa = PBXFileReference; lastKnownFileType = sourcecode.swift; path = BadgeSymbol.swift; sourceTree = "<group>"; };
		A6C7B71427B77CC3004BA055 /* RotatedBadgeSymbol.swift */ = {isa = PBXFileReference; lastKnownFileType = sourcecode.swift; path = RotatedBadgeSymbol.swift; sourceTree = "<group>"; };
		A6C7B71627B77D2D004BA055 /* Badge.swift */ = {isa = PBXFileReference; lastKnownFileType = sourcecode.swift; path = Badge.swift; sourceTree = "<group>"; };
		A6C7B71927B791EE004BA055 /* The Shawshank Redemption.jpeg */ = {isa = PBXFileReference; lastKnownFileType = image.jpeg; name = "The Shawshank Redemption.jpeg"; path = "images/The Shawshank Redemption.jpeg"; sourceTree = SOURCE_ROOT; };
/* End PBXFileReference section */

/* Begin PBXFrameworksBuildPhase section */
		A6A2778527B681520048D243 /* Frameworks */ = {
			isa = PBXFrameworksBuildPhase;
			buildActionMask = 2147483647;
			files = (
			);
			runOnlyForDeploymentPostprocessing = 0;
		};
		A6A2779527B681530048D243 /* Frameworks */ = {
			isa = PBXFrameworksBuildPhase;
			buildActionMask = 2147483647;
			files = (
			);
			runOnlyForDeploymentPostprocessing = 0;
		};
		A6A2779F27B681530048D243 /* Frameworks */ = {
			isa = PBXFrameworksBuildPhase;
			buildActionMask = 2147483647;
			files = (
			);
			runOnlyForDeploymentPostprocessing = 0;
		};
/* End PBXFrameworksBuildPhase section */

/* Begin PBXGroup section */
		A6A2777F27B681520048D243 = {
			isa = PBXGroup;
			children = (
				A6A2778A27B681520048D243 /* imdb_top_10 */,
				A6A2779B27B681530048D243 /* imdb_top_10Tests */,
				A6A277A527B681530048D243 /* imdb_top_10UITests */,
				A6A2778927B681520048D243 /* Products */,
			);
			sourceTree = "<group>";
		};
		A6A2778927B681520048D243 /* Products */ = {
			isa = PBXGroup;
			children = (
				A6A2778827B681520048D243 /* imdb_top_10.app */,
				A6A2779827B681530048D243 /* imdb_top_10Tests.xctest */,
				A6A277A227B681530048D243 /* imdb_top_10UITests.xctest */,
			);
			name = Products;
			sourceTree = "<group>";
		};
		A6A2778A27B681520048D243 /* imdb_top_10 */ = {
			isa = PBXGroup;
			children = (
				A6A2778B27B681520048D243 /* imdb_top_10App.swift */,
				A6A277C127B68CAC0048D243 /* Views */,
				A6A277C227B68CC20048D243 /* Resources */,
				A6A2778F27B681530048D243 /* Assets.xcassets */,
				A6C7B71927B791EE004BA055 /* The Shawshank Redemption.jpeg */,
				A6A277C327B68CD80048D243 /* Model */,
				A6A2779127B681530048D243 /* Preview Content */,
			);
			path = imdb_top_10;
			sourceTree = "<group>";
		};
		A6A2779127B681530048D243 /* Preview Content */ = {
			isa = PBXGroup;
			children = (
				A6A2779227B681530048D243 /* Preview Assets.xcassets */,
			);
			path = "Preview Content";
			sourceTree = "<group>";
		};
		A6A2779B27B681530048D243 /* imdb_top_10Tests */ = {
			isa = PBXGroup;
			children = (
				A6A2779C27B681530048D243 /* imdb_top_10Tests.swift */,
			);
			path = imdb_top_10Tests;
			sourceTree = "<group>";
		};
		A6A277A527B681530048D243 /* imdb_top_10UITests */ = {
			isa = PBXGroup;
			children = (
				A6A277A627B681530048D243 /* imdb_top_10UITests.swift */,
				A6A277A827B681530048D243 /* imdb_top_10UITestsLaunchTests.swift */,
			);
			path = imdb_top_10UITests;
			sourceTree = "<group>";
		};
		A6A277C127B68CAC0048D243 /* Views */ = {
			isa = PBXGroup;
			children = (
				A6A2778D27B681520048D243 /* ContentView.swift */,
				A6C7B70C27B77137004BA055 /* Helpers */,
				A6C7B70D27B7714F004BA055 /* Imdbs */,
				A6C7B71827B77D4D004BA055 /* Badges */,
			);
			path = Views;
			sourceTree = "<group>";
		};
		A6A277C227B68CC20048D243 /* Resources */ = {
			isa = PBXGroup;
			children = (
				A6C7B70827B73EED004BA055 /* imdb_top_10.json */,
			);
			path = Resources;
			sourceTree = "<group>";
		};
		A6A277C327B68CD80048D243 /* Model */ = {
			isa = PBXGroup;
			children = (
				A6A277BD27B689D30048D243 /* Imdb.swift */,
				A6A277BF27B68BED0048D243 /* ModelData.swift */,
			);
			path = Model;
			sourceTree = "<group>";
		};
		A6C7B70C27B77137004BA055 /* Helpers */ = {
			isa = PBXGroup;
			children = (
				A6A277B727B683CB0048D243 /* baner.swift */,
				A6C7B70A27B770D0004BA055 /* FavoriteButton.swift */,
			);
			path = Helpers;
			sourceTree = "<group>";
		};
		A6C7B70D27B7714F004BA055 /* Imdbs */ = {
			isa = PBXGroup;
			children = (
				A6A277C427B68D040048D243 /* ImdbRow.swift */,
				A6C7B6FE27B71B78004BA055 /* ImdbList.swift */,
				A6C7B70027B71D90004BA055 /* ImdbDetail.swift */,
			);
			path = Imdbs;
			sourceTree = "<group>";
		};
		A6C7B71827B77D4D004BA055 /* Badges */ = {
			isa = PBXGroup;
			children = (
				A6C7B70E27B77B6F004BA055 /* HexagonParameters.swift */,
				A6C7B71027B77BCB004BA055 /* BadgeBackground.swift */,
				A6C7B71227B77C7C004BA055 /* BadgeSymbol.swift */,
				A6C7B71427B77CC3004BA055 /* RotatedBadgeSymbol.swift */,
				A6C7B71627B77D2D004BA055 /* Badge.swift */,
			);
			path = Badges;
			sourceTree = "<group>";
		};
/* End PBXGroup section */

/* Begin PBXNativeTarget section */
		A6A2778727B681520048D243 /* imdb_top_10 */ = {
			isa = PBXNativeTarget;
			buildConfigurationList = A6A277AC27B681530048D243 /* Build configuration list for PBXNativeTarget "imdb_top_10" */;
			buildPhases = (
				A6A2778427B681520048D243 /* Sources */,
				A6A2778527B681520048D243 /* Frameworks */,
				A6A2778627B681520048D243 /* Resources */,
			);
			buildRules = (
			);
			dependencies = (
			);
			name = imdb_top_10;
			productName = imdb_top_10;
			productReference = A6A2778827B681520048D243 /* imdb_top_10.app */;
			productType = "com.apple.product-type.application";
		};
		A6A2779727B681530048D243 /* imdb_top_10Tests */ = {
			isa = PBXNativeTarget;
			buildConfigurationList = A6A277AF27B681530048D243 /* Build configuration list for PBXNativeTarget "imdb_top_10Tests" */;
			buildPhases = (
				A6A2779427B681530048D243 /* Sources */,
				A6A2779527B681530048D243 /* Frameworks */,
				A6A2779627B681530048D243 /* Resources */,
			);
			buildRules = (
			);
			dependencies = (
				A6A2779A27B681530048D243 /* PBXTargetDependency */,
			);
			name = imdb_top_10Tests;
			productName = imdb_top_10Tests;
			productReference = A6A2779827B681530048D243 /* imdb_top_10Tests.xctest */;
			productType = "com.apple.product-type.bundle.unit-test";
		};
		A6A277A127B681530048D243 /* imdb_top_10UITests */ = {
			isa = PBXNativeTarget;
			buildConfigurationList = A6A277B227B681530048D243 /* Build configuration list for PBXNativeTarget "imdb_top_10UITests" */;
			buildPhases = (
				A6A2779E27B681530048D243 /* Sources */,
				A6A2779F27B681530048D243 /* Frameworks */,
				A6A277A027B681530048D243 /* Resources */,
			);
			buildRules = (
			);
			dependencies = (
				A6A277A427B681530048D243 /* PBXTargetDependency */,
			);
			name = imdb_top_10UITests;
			productName = imdb_top_10UITests;
			productReference = A6A277A227B681530048D243 /* imdb_top_10UITests.xctest */;
			productType = "com.apple.product-type.bundle.ui-testing";
		};
/* End PBXNativeTarget section */

/* Begin PBXProject section */
		A6A2778027B681520048D243 /* Project object */ = {
			isa = PBXProject;
			attributes = {
				BuildIndependentTargetsInParallel = 1;
				LastSwiftUpdateCheck = 1320;
				LastUpgradeCheck = 1320;
				TargetAttributes = {
					A6A2778727B681520048D243 = {
						CreatedOnToolsVersion = 13.2.1;
					};
					A6A2779727B681530048D243 = {
						CreatedOnToolsVersion = 13.2.1;
						TestTargetID = A6A2778727B681520048D243;
					};
					A6A277A127B681530048D243 = {
						CreatedOnToolsVersion = 13.2.1;
						TestTargetID = A6A2778727B681520048D243;
					};
				};
			};
			buildConfigurationList = A6A2778327B681520048D243 /* Build configuration list for PBXProject "imdb_top_10" */;
			compatibilityVersion = "Xcode 13.0";
			developmentRegion = en;
			hasScannedForEncodings = 0;
			knownRegions = (
				en,
				Base,
			);
			mainGroup = A6A2777F27B681520048D243;
			productRefGroup = A6A2778927B681520048D243 /* Products */;
			projectDirPath = "";
			projectRoot = "";
			targets = (
				A6A2778727B681520048D243 /* imdb_top_10 */,
				A6A2779727B681530048D243 /* imdb_top_10Tests */,
				A6A277A127B681530048D243 /* imdb_top_10UITests */,
			);
		};
/* End PBXProject section */

/* Begin PBXResourcesBuildPhase section */
		A6A2778627B681520048D243 /* Resources */ = {
			isa = PBXResourcesBuildPhase;
			buildActionMask = 2147483647;
			files = (
				A6A2779327B681530048D243 /* Preview Assets.xcassets in Resources */,
				A6C7B70927B73EED004BA055 /* imdb_top_10.json in Resources */,
				A6A2779027B681530048D243 /* Assets.xcassets in Resources */,
				A6C7B71A27B791EE004BA055 /* The Shawshank Redemption.jpeg in Resources */,
			);
			runOnlyForDeploymentPostprocessing = 0;
		};
		A6A2779627B681530048D243 /* Resources */ = {
			isa = PBXResourcesBuildPhase;
			buildActionMask = 2147483647;
			files = (
			);
			runOnlyForDeploymentPostprocessing = 0;
		};
		A6A277A027B681530048D243 /* Resources */ = {
			isa = PBXResourcesBuildPhase;
			buildActionMask = 2147483647;
			files = (
			);
			runOnlyForDeploymentPostprocessing = 0;
		};
/* End PBXResourcesBuildPhase section */

/* Begin PBXSourcesBuildPhase section */
		A6A2778427B681520048D243 /* Sources */ = {
			isa = PBXSourcesBuildPhase;
			buildActionMask = 2147483647;
			files = (
				A6C7B70F27B77B6F004BA055 /* HexagonParameters.swift in Sources */,
				A6A2778E27B681520048D243 /* ContentView.swift in Sources */,
				A6A277BE27B689D30048D243 /* Imdb.swift in Sources */,
				A6C7B70127B71D90004BA055 /* ImdbDetail.swift in Sources */,
				A6C7B70B27B770D0004BA055 /* FavoriteButton.swift in Sources */,
				A6C7B71327B77C7C004BA055 /* BadgeSymbol.swift in Sources */,
				A6A277C527B68D040048D243 /* ImdbRow.swift in Sources */,
				A6C7B71727B77D2D004BA055 /* Badge.swift in Sources */,
				A6C7B71127B77BCB004BA055 /* BadgeBackground.swift in Sources */,
				A6A277C027B68BED0048D243 /* ModelData.swift in Sources */,
				A6C7B6FF27B71B78004BA055 /* ImdbList.swift in Sources */,
				A6C7B71527B77CC3004BA055 /* RotatedBadgeSymbol.swift in Sources */,
				A6A277B827B683CB0048D243 /* baner.swift in Sources */,
				A6A2778C27B681520048D243 /* imdb_top_10App.swift in Sources */,
			);
			runOnlyForDeploymentPostprocessing = 0;
		};
		A6A2779427B681530048D243 /* Sources */ = {
			isa = PBXSourcesBuildPhase;
			buildActionMask = 2147483647;
			files = (
				A6A2779D27B681530048D243 /* imdb_top_10Tests.swift in Sources */,
			);
			runOnlyForDeploymentPostprocessing = 0;
		};
		A6A2779E27B681530048D243 /* Sources */ = {
			isa = PBXSourcesBuildPhase;
			buildActionMask = 2147483647;
			files = (
				A6A277A727B681530048D243 /* imdb_top_10UITests.swift in Sources */,
				A6A277A927B681530048D243 /* imdb_top_10UITestsLaunchTests.swift in Sources */,
			);
			runOnlyForDeploymentPostprocessing = 0;
		};
/* End PBXSourcesBuildPhase section */

/* Begin PBXTargetDependency section */
		A6A2779A27B681530048D243 /* PBXTargetDependency */ = {
			isa = PBXTargetDependency;
			target = A6A2778727B681520048D243 /* imdb_top_10 */;
			targetProxy = A6A2779927B681530048D243 /* PBXContainerItemProxy */;
		};
		A6A277A427B681530048D243 /* PBXTargetDependency */ = {
			isa = PBXTargetDependency;
			target = A6A2778727B681520048D243 /* imdb_top_10 */;
			targetProxy = A6A277A327B681530048D243 /* PBXContainerItemProxy */;
		};
/* End PBXTargetDependency section */

/* Begin XCBuildConfiguration section */
		A6A277AA27B681530048D243 /* Debug */ = {
			isa = XCBuildConfiguration;
			buildSettings = {
				ALWAYS_SEARCH_USER_PATHS = NO;
				CLANG_ANALYZER_NONNULL = YES;
				CLANG_ANALYZER_NUMBER_OBJECT_CONVERSION = YES_AGGRESSIVE;
				CLANG_CXX_LANGUAGE_STANDARD = "gnu++17";
				CLANG_CXX_LIBRARY = "libc++";
				CLANG_ENABLE_MODULES = YES;
				CLANG_ENABLE_OBJC_ARC = YES;
				CLANG_ENABLE_OBJC_WEAK = YES;
				CLANG_WARN_BLOCK_CAPTURE_AUTORELEASING = YES;
				CLANG_WARN_BOOL_CONVERSION = YES;
				CLANG_WARN_COMMA = YES;
				CLANG_WARN_CONSTANT_CONVERSION = YES;
				CLANG_WARN_DEPRECATED_OBJC_IMPLEMENTATIONS = YES;
				CLANG_WARN_DIRECT_OBJC_ISA_USAGE = YES_ERROR;
				CLANG_WARN_DOCUMENTATION_COMMENTS = YES;
				CLANG_WARN_EMPTY_BODY = YES;
				CLANG_WARN_ENUM_CONVERSION = YES;
				CLANG_WARN_INFINITE_RECURSION = YES;
				CLANG_WARN_INT_CONVERSION = YES;
				CLANG_WARN_NON_LITERAL_NULL_CONVERSION = YES;
				CLANG_WARN_OBJC_IMPLICIT_RETAIN_SELF = YES;
				CLANG_WARN_OBJC_LITERAL_CONVERSION = YES;
				CLANG_WARN_OBJC_ROOT_CLASS = YES_ERROR;
				CLANG_WARN_QUOTED_INCLUDE_IN_FRAMEWORK_HEADER = YES;
				CLANG_WARN_RANGE_LOOP_ANALYSIS = YES;
				CLANG_WARN_STRICT_PROTOTYPES = YES;
				CLANG_WARN_SUSPICIOUS_MOVE = YES;
				CLANG_WARN_UNGUARDED_AVAILABILITY = YES_AGGRESSIVE;
				CLANG_WARN_UNREACHABLE_CODE = YES;
				CLANG_WARN__DUPLICATE_METHOD_MATCH = YES;
				COPY_PHASE_STRIP = NO;
				DEBUG_INFORMATION_FORMAT = dwarf;
				ENABLE_STRICT_OBJC_MSGSEND = YES;
				ENABLE_TESTABILITY = YES;
				GCC_C_LANGUAGE_STANDARD = gnu11;
				GCC_DYNAMIC_NO_PIC = NO;
				GCC_NO_COMMON_BLOCKS = YES;
				GCC_OPTIMIZATION_LEVEL = 0;
				GCC_PREPROCESSOR_DEFINITIONS = (
					"DEBUG=1",
					"$(inherited)",
				);
				GCC_WARN_64_TO_32_BIT_CONVERSION = YES;
				GCC_WARN_ABOUT_RETURN_TYPE = YES_ERROR;
				GCC_WARN_UNDECLARED_SELECTOR = YES;
				GCC_WARN_UNINITIALIZED_AUTOS = YES_AGGRESSIVE;
				GCC_WARN_UNUSED_FUNCTION = YES;
				GCC_WARN_UNUSED_VARIABLE = YES;
				IPHONEOS_DEPLOYMENT_TARGET = 15.2;
				MTL_ENABLE_DEBUG_INFO = INCLUDE_SOURCE;
				MTL_FAST_MATH = YES;
				ONLY_ACTIVE_ARCH = YES;
				SDKROOT = iphoneos;
				SWIFT_ACTIVE_COMPILATION_CONDITIONS = DEBUG;
				SWIFT_OPTIMIZATION_LEVEL = "-Onone";
			};
			name = Debug;
		};
		A6A277AB27B681530048D243 /* Release */ = {
			isa = XCBuildConfiguration;
			buildSettings = {
				ALWAYS_SEARCH_USER_PATHS = NO;
				CLANG_ANALYZER_NONNULL = YES;
				CLANG_ANALYZER_NUMBER_OBJECT_CONVERSION = YES_AGGRESSIVE;
				CLANG_CXX_LANGUAGE_STANDARD = "gnu++17";
				CLANG_CXX_LIBRARY = "libc++";
				CLANG_ENABLE_MODULES = YES;
				CLANG_ENABLE_OBJC_ARC = YES;
				CLANG_ENABLE_OBJC_WEAK = YES;
				CLANG_WARN_BLOCK_CAPTURE_AUTORELEASING = YES;
				CLANG_WARN_BOOL_CONVERSION = YES;
				CLANG_WARN_COMMA = YES;
				CLANG_WARN_CONSTANT_CONVERSION = YES;
				CLANG_WARN_DEPRECATED_OBJC_IMPLEMENTATIONS = YES;
				CLANG_WARN_DIRECT_OBJC_ISA_USAGE = YES_ERROR;
				CLANG_WARN_DOCUMENTATION_COMMENTS = YES;
				CLANG_WARN_EMPTY_BODY = YES;
				CLANG_WARN_ENUM_CONVERSION = YES;
				CLANG_WARN_INFINITE_RECURSION = YES;
				CLANG_WARN_INT_CONVERSION = YES;
				CLANG_WARN_NON_LITERAL_NULL_CONVERSION = YES;
				CLANG_WARN_OBJC_IMPLICIT_RETAIN_SELF = YES;
				CLANG_WARN_OBJC_LITERAL_CONVERSION = YES;
				CLANG_WARN_OBJC_ROOT_CLASS = YES_ERROR;
				CLANG_WARN_QUOTED_INCLUDE_IN_FRAMEWORK_HEADER = YES;
				CLANG_WARN_RANGE_LOOP_ANALYSIS = YES;
				CLANG_WARN_STRICT_PROTOTYPES = YES;
				CLANG_WARN_SUSPICIOUS_MOVE = YES;
				CLANG_WARN_UNGUARDED_AVAILABILITY = YES_AGGRESSIVE;
				CLANG_WARN_UNREACHABLE_CODE = YES;
				CLANG_WARN__DUPLICATE_METHOD_MATCH = YES;
				COPY_PHASE_STRIP = NO;
				DEBUG_INFORMATION_FORMAT = "dwarf-with-dsym";
				ENABLE_NS_ASSERTIONS = NO;
				ENABLE_STRICT_OBJC_MSGSEND = YES;
				GCC_C_LANGUAGE_STANDARD = gnu11;
				GCC_NO_COMMON_BLOCKS = YES;
				GCC_WARN_64_TO_32_BIT_CONVERSION = YES;
				GCC_WARN_ABOUT_RETURN_TYPE = YES_ERROR;
				GCC_WARN_UNDECLARED_SELECTOR = YES;
				GCC_WARN_UNINITIALIZED_AUTOS = YES_AGGRESSIVE;
				GCC_WARN_UNUSED_FUNCTION = YES;
				GCC_WARN_UNUSED_VARIABLE = YES;
				IPHONEOS_DEPLOYMENT_TARGET = 15.2;
				MTL_ENABLE_DEBUG_INFO = NO;
				MTL_FAST_MATH = YES;
				SDKROOT = iphoneos;
				SWIFT_COMPILATION_MODE = wholemodule;
				SWIFT_OPTIMIZATION_LEVEL = "-O";
				VALIDATE_PRODUCT = YES;
			};
			name = Release;
		};
		A6A277AD27B681530048D243 /* Debug */ = {
			isa = XCBuildConfiguration;
			buildSettings = {
				ASSETCATALOG_COMPILER_APPICON_NAME = AppIcon;
				ASSETCATALOG_COMPILER_GLOBAL_ACCENT_COLOR_NAME = AccentColor;
				CODE_SIGN_STYLE = Automatic;
				CURRENT_PROJECT_VERSION = 1;
				DEVELOPMENT_ASSET_PATHS = "\"imdb_top_10/Preview Content\"";
				DEVELOPMENT_TEAM = A3PYJH8WVP;
				ENABLE_PREVIEWS = YES;
				GENERATE_INFOPLIST_FILE = YES;
				INFOPLIST_KEY_UIApplicationSceneManifest_Generation = YES;
				INFOPLIST_KEY_UIApplicationSupportsIndirectInputEvents = YES;
				INFOPLIST_KEY_UILaunchScreen_Generation = YES;
				INFOPLIST_KEY_UISupportedInterfaceOrientations_iPad = "UIInterfaceOrientationPortrait UIInterfaceOrientationPortraitUpsideDown UIInterfaceOrientationLandscapeLeft UIInterfaceOrientationLandscapeRight";
				INFOPLIST_KEY_UISupportedInterfaceOrientations_iPhone = "UIInterfaceOrientationPortrait UIInterfaceOrientationLandscapeLeft UIInterfaceOrientationLandscapeRight";
				LD_RUNPATH_SEARCH_PATHS = (
					"$(inherited)",
					"@executable_path/Frameworks",
				);
				MARKETING_VERSION = 1.0;
				PRODUCT_BUNDLE_IDENTIFIER = "itay.imdb-top-10";
				PRODUCT_NAME = "$(TARGET_NAME)";
				SWIFT_EMIT_LOC_STRINGS = YES;
				SWIFT_VERSION = 5.0;
				TARGETED_DEVICE_FAMILY = "1,2";
			};
			name = Debug;
		};
		A6A277AE27B681530048D243 /* Release */ = {
			isa = XCBuildConfiguration;
			buildSettings = {
				ASSETCATALOG_COMPILER_APPICON_NAME = AppIcon;
				ASSETCATALOG_COMPILER_GLOBAL_ACCENT_COLOR_NAME = AccentColor;
				CODE_SIGN_STYLE = Automatic;
				CURRENT_PROJECT_VERSION = 1;
				DEVELOPMENT_ASSET_PATHS = "\"imdb_top_10/Preview Content\"";
				DEVELOPMENT_TEAM = A3PYJH8WVP;
				ENABLE_PREVIEWS = YES;
				GENERATE_INFOPLIST_FILE = YES;
				INFOPLIST_KEY_UIApplicationSceneManifest_Generation = YES;
				INFOPLIST_KEY_UIApplicationSupportsIndirectInputEvents = YES;
				INFOPLIST_KEY_UILaunchScreen_Generation = YES;
				INFOPLIST_KEY_UISupportedInterfaceOrientations_iPad = "UIInterfaceOrientationPortrait UIInterfaceOrientationPortraitUpsideDown UIInterfaceOrientationLandscapeLeft UIInterfaceOrientationLandscapeRight";
				INFOPLIST_KEY_UISupportedInterfaceOrientations_iPhone = "UIInterfaceOrientationPortrait UIInterfaceOrientationLandscapeLeft UIInterfaceOrientationLandscapeRight";
				LD_RUNPATH_SEARCH_PATHS = (
					"$(inherited)",
					"@executable_path/Frameworks",
				);
				MARKETING_VERSION = 1.0;
				PRODUCT_BUNDLE_IDENTIFIER = "itay.imdb-top-10";
				PRODUCT_NAME = "$(TARGET_NAME)";
				SWIFT_EMIT_LOC_STRINGS = YES;
				SWIFT_VERSION = 5.0;
				TARGETED_DEVICE_FAMILY = "1,2";
			};
			name = Release;
		};
		A6A277B027B681530048D243 /* Debug */ = {
			isa = XCBuildConfiguration;
			buildSettings = {
				ALWAYS_EMBED_SWIFT_STANDARD_LIBRARIES = YES;
				BUNDLE_LOADER = "$(TEST_HOST)";
				CODE_SIGN_STYLE = Automatic;
				CURRENT_PROJECT_VERSION = 1;
				GENERATE_INFOPLIST_FILE = YES;
				IPHONEOS_DEPLOYMENT_TARGET = 15.2;
				MARKETING_VERSION = 1.0;
				PRODUCT_BUNDLE_IDENTIFIER = "itay.imdb-top-10Tests";
				PRODUCT_NAME = "$(TARGET_NAME)";
				SWIFT_EMIT_LOC_STRINGS = NO;
				SWIFT_VERSION = 5.0;
				TARGETED_DEVICE_FAMILY = "1,2";
				TEST_HOST = "$(BUILT_PRODUCTS_DIR)/imdb_top_10.app/imdb_top_10";
			};
			name = Debug;
		};
		A6A277B127B681530048D243 /* Release */ = {
			isa = XCBuildConfiguration;
			buildSettings = {
				ALWAYS_EMBED_SWIFT_STANDARD_LIBRARIES = YES;
				BUNDLE_LOADER = "$(TEST_HOST)";
				CODE_SIGN_STYLE = Automatic;
				CURRENT_PROJECT_VERSION = 1;
				GENERATE_INFOPLIST_FILE = YES;
				IPHONEOS_DEPLOYMENT_TARGET = 15.2;
				MARKETING_VERSION = 1.0;
				PRODUCT_BUNDLE_IDENTIFIER = "itay.imdb-top-10Tests";
				PRODUCT_NAME = "$(TARGET_NAME)";
				SWIFT_EMIT_LOC_STRINGS = NO;
				SWIFT_VERSION = 5.0;
				TARGETED_DEVICE_FAMILY = "1,2";
				TEST_HOST = "$(BUILT_PRODUCTS_DIR)/imdb_top_10.app/imdb_top_10";
			};
			name = Release;
		};
		A6A277B327B681530048D243 /* Debug */ = {
			isa = XCBuildConfiguration;
			buildSettings = {
				ALWAYS_EMBED_SWIFT_STANDARD_LIBRARIES = YES;
				CODE_SIGN_STYLE = Automatic;
				CURRENT_PROJECT_VERSION = 1;
				GENERATE_INFOPLIST_FILE = YES;
				MARKETING_VERSION = 1.0;
				PRODUCT_BUNDLE_IDENTIFIER = "itay.imdb-top-10UITests";
				PRODUCT_NAME = "$(TARGET_NAME)";
				SWIFT_EMIT_LOC_STRINGS = NO;
				SWIFT_VERSION = 5.0;
				TARGETED_DEVICE_FAMILY = "1,2";
				TEST_TARGET_NAME = imdb_top_10;
			};
			name = Debug;
		};
		A6A277B427B681530048D243 /* Release */ = {
			isa = XCBuildConfiguration;
			buildSettings = {
				ALWAYS_EMBED_SWIFT_STANDARD_LIBRARIES = YES;
				CODE_SIGN_STYLE = Automatic;
				CURRENT_PROJECT_VERSION = 1;
				GENERATE_INFOPLIST_FILE = YES;
				MARKETING_VERSION = 1.0;
				PRODUCT_BUNDLE_IDENTIFIER = "itay.imdb-top-10UITests";
				PRODUCT_NAME = "$(TARGET_NAME)";
				SWIFT_EMIT_LOC_STRINGS = NO;
				SWIFT_VERSION = 5.0;
				TARGETED_DEVICE_FAMILY = "1,2";
				TEST_TARGET_NAME = imdb_top_10;
			};
			name = Release;
		};
/* End XCBuildConfiguration section */

/* Begin XCConfigurationList section */
		A6A2778327B681520048D243 /* Build configuration list for PBXProject "imdb_top_10" */ = {
			isa = XCConfigurationList;
			buildConfigurations = (
				A6A277AA27B681530048D243 /* Debug */,
				A6A277AB27B681530048D243 /* Release */,
			);
			defaultConfigurationIsVisible = 0;
			defaultConfigurationName = Release;
		};
		A6A277AC27B681530048D243 /* Build configuration list for PBXNativeTarget "imdb_top_10" */ = {
			isa = XCConfigurationList;
			buildConfigurations = (
				A6A277AD27B681530048D243 /* Debug */,
				A6A277AE27B681530048D243 /* Release */,
			);
			defaultConfigurationIsVisible = 0;
			defaultConfigurationName = Release;
		};
		A6A277AF27B681530048D243 /* Build configuration list for PBXNativeTarget "imdb_top_10Tests" */ = {
			isa = XCConfigurationList;
			buildConfigurations = (
				A6A277B027B681530048D243 /* Debug */,
				A6A277B127B681530048D243 /* Release */,
			);
			defaultConfigurationIsVisible = 0;
			defaultConfigurationName = Release;
		};
		A6A277B227B681530048D243 /* Build configuration list for PBXNativeTarget "imdb_top_10UITests" */ = {
			isa = XCConfigurationList;
			buildConfigurations = (
				A6A277B327B681530048D243 /* Debug */,
				A6A277B427B681530048D243 /* Release */,
			);
			defaultConfigurationIsVisible = 0;
			defaultConfigurationName = Release;
		};
/* End XCConfigurationList section */
	};
	rootObject = A6A2778027B681520048D243 /* Project object */;
}
